
Microsoft Visual Studio Solution File, Format Version 12.00
# Visual Studio Version 16
VisualStudioVersion = 16.0.31321.278
MinimumVisualStudioVersion = 10.0.40219.1
Project("{FAE04EC0-301F-11D3-BF4B-00C04F79EFBC}") = "DbConection(lib)", "DbConection\DbConection(lib).csproj", "{DA276DA8-FC0D-475A-9BAB-9F42B1CDCFA2}"
EndProject
Project("{FAE04EC0-301F-11D3-BF4B-00C04F79EFBC}") = "TrailConsole", "TraiConsole\TrailConsole.csproj", "{74366ABA-94F5-4779-9DB1-0DA6638AB643}"
EndProject
Project("{FAE04EC0-301F-11D3-BF4B-00C04F79EFBC}") = "Model(lib)", "Model(lib)\Model(lib).csproj", "{A34C951D-EBD9-4DAD-924D-47B36A932439}"
EndProject
Project("{FAE04EC0-301F-11D3-BF4B-00C04F79EFBC}") = "View3", "View3\View3.csproj", "{37BDA4D4-65D1-42E4-8270-2423005D8B0F}"
EndProject
Project("{FAE04EC0-301F-11D3-BF4B-00C04F79EFBC}") = "Entity", "Entity\Entity.csproj", "{9F5455B6-D738-4902-982E-1AC0A2B4B151}"
EndProject
Global
	GlobalSection(SolutionConfigurationPlatforms) = preSolution
		Debug|Any CPU = Debug|Any CPU
		Release|Any CPU = Release|Any CPU
	EndGlobalSection
	GlobalSection(ProjectConfigurationPlatforms) = postSolution
		{DA276DA8-FC0D-475A-9BAB-9F42B1CDCFA2}.Debug|Any CPU.ActiveCfg = Debug|Any CPU
		{DA276DA8-FC0D-475A-9BAB-9F42B1CDCFA2}.Debug|Any CPU.Build.0 = Debug|Any CPU
		{DA276DA8-FC0D-475A-9BAB-9F42B1CDCFA2}.Release|Any CPU.ActiveCfg = Release|Any CPU
		{DA276DA8-FC0D-475A-9BAB-9F42B1CDCFA2}.Release|Any CPU.Build.0 = Release|Any CPU
		{74366ABA-94F5-4779-9DB1-0DA6638AB643}.Debug|Any CPU.ActiveCfg = Debug|Any CPU
		{74366ABA-94F5-4779-9DB1-0DA6638AB643}.Debug|Any CPU.Build.0 = Debug|Any CPU
		{74366ABA-94F5-4779-9DB1-0DA6638AB643}.Release|Any CPU.ActiveCfg = Release|Any CPU
		{74366ABA-94F5-4779-9DB1-0DA6638AB643}.Release|Any CPU.Build.0 = Release|Any CPU
		{A34C951D-EBD9-4DAD-924D-47B36A932439}.Debug|Any CPU.ActiveCfg = Debug|Any CPU
		{A34C951D-EBD9-4DAD-924D-47B36A932439}.Debug|Any CPU.Build.0 = Debug|Any CPU
		{A34C951D-EBD9-4DAD-924D-47B36A932439}.Release|Any CPU.ActiveCfg = Release|Any CPU
		{A34C951D-EBD9-4DAD-924D-47B36A932439}.Release|Any CPU.Build.0 = Release|Any CPU
		{37BDA4D4-65D1-42E4-8270-2423005D8B0F}.Debug|Any CPU.ActiveCfg = Debug|Any CPU
		{37BDA4D4-65D1-42E4-8270-2423005D8B0F}.Debug|Any CPU.Build.0 = Debug|Any CPU
		{37BDA4D4-65D1-42E4-8270-2423005D8B0F}.Release|Any CPU.ActiveCfg = Release|Any CPU
		{37BDA4D4-65D1-42E4-8270-2423005D8B0F}.Release|Any CPU.Build.0 = Release|Any CPU
		{9F5455B6-D738-4902-982E-1AC0A2B4B151}.Debug|Any CPU.ActiveCfg = Debug|Any CPU
		{9F5455B6-D738-4902-982E-1AC0A2B4B151}.Debug|Any CPU.Build.0 = Debug|Any CPU
		{9F5455B6-D738-4902-982E-1AC0A2B4B151}.Release|Any CPU.ActiveCfg = Release|Any CPU
		{9F5455B6-D738-4902-982E-1AC0A2B4B151}.Release|Any CPU.Build.0 = Release|Any CPU
	EndGlobalSection
	GlobalSection(SolutionProperties) = preSolution
		HideSolutionNode = FALSE
	EndGlobalSection
	GlobalSection(ExtensibilityGlobals) = postSolution
		SolutionGuid = {E07079A0-DCE1-455C-8F8E-5DD8C937A25E}
	EndGlobalSection
EndGlobal
